<?xml version="1.0" encoding="utf-8"?>
<Project ToolsVersion="4.0" xmlns="http://schemas.microsoft.com/developer/msbuild/2003">
  <ItemGroup>
    <Filter Include="Source Files">
      <UniqueIdentifier>{4FC737F1-C7A5-4376-A066-2A32D752A2FF}</UniqueIdentifier>
      <Extensions>cpp;c;cc;cxx;def;odl;idl;hpj;bat;asm;asmx</Extensions>
    </Filter>
    <Filter Include="Header Files">
      <UniqueIdentifier>{93995380-89BD-4b04-88EB-625FBE52EBFB}</UniqueIdentifier>
      <Extensions>h;hpp;hxx;hm;inl;inc;xsd</Extensions>
    </Filter>
    <Filter Include="Resource Files">
      <UniqueIdentifier>{67DA6AB6-F800-4c08-8B7A-83BB121AAD01}</UniqueIdentifier>
      <Extensions>rc;ico;cur;bmp;dlg;rc2;rct;bin;rgs;gif;jpg;jpeg;jpe;resx;tiff;tif;png;wav;mfcribbon-ms</Extensions>
    </Filter>
    <Filter Include="Header Files\volume">
      <UniqueIdentifier>{3f803d31-2f7d-4398-8e9c-bb16e8667aaa}</UniqueIdentifier>
    </Filter>
    <Filter Include="Source Files\volume">
      <UniqueIdentifier>{6dbffa0f-7a4d-48f8-a288-25035fd68b64}</UniqueIdentifier>
    </Filter>
  </ItemGroup>
  <ItemGroup>
    <ClCompile Include="puzzle.cpp">
      <Filter>Source Files</Filter>
    </ClCompile>
    <ClCompile Include="volumePuzzle.cpp">
      <Filter>Source Files</Filter>
    </ClCompile>
    <ClCompile Include="solver.cpp">
      <Filter>Source Files\volume</Filter>
    </ClCompile>
    <ClCompile Include="intvector.cpp">
      <Filter>Source Files\volume</Filter>
    </ClCompile>
    <ClCompile Include="utils.cpp">
      <Filter>Source Files\volume</Filter>
    </ClCompile>
    <ClCompile Include="geometry.cpp">
      <Filter>Source Files\volume</Filter>
    </ClCompile>
  </ItemGroup>
  <ItemGroup>
    <ClInclude Include="methods.h">
      <Filter>Header Files</Filter>
    </ClInclude>
    <ClInclude Include="puzzlepart.h">
      <Filter>Header Files\volume</Filter>
    </ClInclude>
    <ClInclude Include="volpart.h">
      <Filter>Header Files\volume</Filter>
    </ClInclude>
    <ClInclude Include="intvector.h">
      <Filter>Header Files\volume</Filter>
    </ClInclude>
    <ClInclude Include="mat.h">
      <Filter>Header Files\volume</Filter>
    </ClInclude>
    <ClInclude Include="geometry.h">
      <Filter>Header Files\volume</Filter>
    </ClInclude>
    <ClInclude Include="base.h">
      <Filter>Header Files\volume</Filter>
    </ClInclude>
    <ClInclude Include="solver.h">
      <Filter>Header Files\volume</Filter>
    </ClInclude>
    <ClInclude Include="bbox.h">
      <Filter>Header Files\volume</Filter>
    </ClInclude>
    <ClInclude Include="box.h">
      <Filter>Header Files\volume</Filter>
    </ClInclude>
    <ClInclude Include="utils.h">
      <Filter>Header Files\volume</Filter>
    </ClInclude>
  </ItemGroup>
</Project>